{
  "requires": true,
  "lockfileVersion": 1,
  "dependencies": {
    "fmcc": {
      "version": "1.0.0",
      "resolved": "https://registry.npmjs.org/fmcc/-/fmcc-1.0.0.tgz",
      "integrity": "sha512-wyJcTAeeij36QTc4UDuJmHyyrjqTpRGMrHyiqMZjmNeOdYX9Jbm1dNfia88MFuOiK8pk0/l1bio2JMeaHapaSQ=="
    }
  }
}
